
Microsoft Visual Studio Solution File, Format Version 12.00
# Visual Studio 2015
Project("{FAE04EC0-301F-11D3-BF4B-00C04F79EFBC}") = "UnityVS.TDelegate.CSharp", "UnityVS.TDelegate.CSharp.csproj", "{3DBE2320-AFFC-9D85-D949-671E4385D26B}"
EndProject
Project("{FAE04EC0-301F-11D3-BF4B-00C04F79EFBC}") = "UnityVS.TDelegate.CSharp.Editor", "UnityVS.TDelegate.CSharp.Editor.csproj", "{970FDA32-1DC5-C128-0C2F-DC17FBF3C47B}"
EndProject
Global
	GlobalSection(SolutionConfigurationPlatforms) = preSolution
		Debug|Any CPU = Debug|Any CPU
		Release|Any CPU = Release|Any CPU
	EndGlobalSection
	GlobalSection(ProjectConfigurationPlatforms) = postSolution
		{3DBE2320-AFFC-9D85-D949-671E4385D26B}.Debug|Any CPU.ActiveCfg = Debug|Any CPU
		{3DBE2320-AFFC-9D85-D949-671E4385D26B}.Debug|Any CPU.Build.0 = Debug|Any CPU
		{3DBE2320-AFFC-9D85-D949-671E4385D26B}.Release|Any CPU.ActiveCfg = Release|Any CPU
		{3DBE2320-AFFC-9D85-D949-671E4385D26B}.Release|Any CPU.Build.0 = Release|Any CPU
		{970FDA32-1DC5-C128-0C2F-DC17FBF3C47B}.Debug|Any CPU.ActiveCfg = Debug|Any CPU
		{970FDA32-1DC5-C128-0C2F-DC17FBF3C47B}.Debug|Any CPU.Build.0 = Debug|Any CPU
		{970FDA32-1DC5-C128-0C2F-DC17FBF3C47B}.Release|Any CPU.ActiveCfg = Release|Any CPU
		{970FDA32-1DC5-C128-0C2F-DC17FBF3C47B}.Release|Any CPU.Build.0 = Release|Any CPU
	EndGlobalSection
	GlobalSection(SolutionProperties) = preSolution
		HideSolutionNode = FALSE
	EndGlobalSection
EndGlobal
