
Microsoft Visual Studio Solution File, Format Version 12.00
# Visual Studio 2015
Project("{FAE04EC0-301F-11D3-BF4B-00C04F79EFBC}") = "TVuforia.CSharp", "TVuforia.CSharp.csproj", "{5FE5017A-DCF3-CB48-336A-EF4BFCEAA95A}"
EndProject
Project("{FAE04EC0-301F-11D3-BF4B-00C04F79EFBC}") = "TVuforia.CSharp.Editor", "TVuforia.CSharp.Editor.csproj", "{0921DD6A-CEDA-17DD-8036-A75A4343B811}"
EndProject
Global
	GlobalSection(SolutionConfigurationPlatforms) = preSolution
		Debug|Any CPU = Debug|Any CPU
		Release|Any CPU = Release|Any CPU
	EndGlobalSection
	GlobalSection(ProjectConfigurationPlatforms) = postSolution
		{5FE5017A-DCF3-CB48-336A-EF4BFCEAA95A}.Debug|Any CPU.ActiveCfg = Debug|Any CPU
		{5FE5017A-DCF3-CB48-336A-EF4BFCEAA95A}.Debug|Any CPU.Build.0 = Debug|Any CPU
		{5FE5017A-DCF3-CB48-336A-EF4BFCEAA95A}.Release|Any CPU.ActiveCfg = Release|Any CPU
		{5FE5017A-DCF3-CB48-336A-EF4BFCEAA95A}.Release|Any CPU.Build.0 = Release|Any CPU
		{0921DD6A-CEDA-17DD-8036-A75A4343B811}.Debug|Any CPU.ActiveCfg = Debug|Any CPU
		{0921DD6A-CEDA-17DD-8036-A75A4343B811}.Debug|Any CPU.Build.0 = Debug|Any CPU
		{0921DD6A-CEDA-17DD-8036-A75A4343B811}.Release|Any CPU.ActiveCfg = Release|Any CPU
		{0921DD6A-CEDA-17DD-8036-A75A4343B811}.Release|Any CPU.Build.0 = Release|Any CPU
	EndGlobalSection
	GlobalSection(SolutionProperties) = preSolution
		HideSolutionNode = FALSE
	EndGlobalSection
EndGlobal
